
Microsoft Visual Studio Solution File, Format Version 12.00
# Visual Studio Version 16
VisualStudioVersion = 16.0.33130.400
MinimumVisualStudioVersion = 10.0.40219.1
Project("{FAE04EC0-301F-11D3-BF4B-00C04F79EFBC}") = "1 - Sistema Financeiro de Banco", "1 - Sistema Financeiro de Banco\1 - Sistema Financeiro de Banco.csproj", "{0DB4D863-CB8D-4B8A-A728-FDA1C3586FEA}"
EndProject
Global
	GlobalSection(SolutionConfigurationPlatforms) = preSolution
		Debug|Any CPU = Debug|Any CPU
		Release|Any CPU = Release|Any CPU
	EndGlobalSection
	GlobalSection(ProjectConfigurationPlatforms) = postSolution
		{0DB4D863-CB8D-4B8A-A728-FDA1C3586FEA}.Debug|Any CPU.ActiveCfg = Debug|Any CPU
		{0DB4D863-CB8D-4B8A-A728-FDA1C3586FEA}.Debug|Any CPU.Build.0 = Debug|Any CPU
		{0DB4D863-CB8D-4B8A-A728-FDA1C3586FEA}.Release|Any CPU.ActiveCfg = Release|Any CPU
		{0DB4D863-CB8D-4B8A-A728-FDA1C3586FEA}.Release|Any CPU.Build.0 = Release|Any CPU
	EndGlobalSection
	GlobalSection(SolutionProperties) = preSolution
		HideSolutionNode = FALSE
	EndGlobalSection
	GlobalSection(ExtensibilityGlobals) = postSolution
		SolutionGuid = {1C73736A-EDDE-443E-AEAD-540C9EF3F039}
	EndGlobalSection
EndGlobal
