
Microsoft Visual Studio Solution File, Format Version 12.00
# Visual Studio Version 16
VisualStudioVersion = 16.0.33130.400
MinimumVisualStudioVersion = 10.0.40219.1
Project("{FAE04EC0-301F-11D3-BF4B-00C04F79EFBC}") = "Lista2_ATV4", "Lista2_ATV4\Lista2_ATV4.csproj", "{4FF76091-7AD3-4EF9-80C8-D7B90C0254B3}"
EndProject
Global
	GlobalSection(SolutionConfigurationPlatforms) = preSolution
		Debug|Any CPU = Debug|Any CPU
		Release|Any CPU = Release|Any CPU
	EndGlobalSection
	GlobalSection(ProjectConfigurationPlatforms) = postSolution
		{4FF76091-7AD3-4EF9-80C8-D7B90C0254B3}.Debug|Any CPU.ActiveCfg = Debug|Any CPU
		{4FF76091-7AD3-4EF9-80C8-D7B90C0254B3}.Debug|Any CPU.Build.0 = Debug|Any CPU
		{4FF76091-7AD3-4EF9-80C8-D7B90C0254B3}.Release|Any CPU.ActiveCfg = Release|Any CPU
		{4FF76091-7AD3-4EF9-80C8-D7B90C0254B3}.Release|Any CPU.Build.0 = Release|Any CPU
	EndGlobalSection
	GlobalSection(SolutionProperties) = preSolution
		HideSolutionNode = FALSE
	EndGlobalSection
	GlobalSection(ExtensibilityGlobals) = postSolution
		SolutionGuid = {2493DC81-49F5-4E81-BA81-78D15B77D0FE}
	EndGlobalSection
EndGlobal
