
Microsoft Visual Studio Solution File, Format Version 12.00
# Visual Studio Version 16
VisualStudioVersion = 16.0.33130.400
MinimumVisualStudioVersion = 10.0.40219.1
Project("{FAE04EC0-301F-11D3-BF4B-00C04F79EFBC}") = "Lista4_ATVD3", "Lista4_ATVD3\Lista4_ATVD3.csproj", "{C86797C9-E004-4A24-9F80-A58987FCB8C0}"
EndProject
Global
	GlobalSection(SolutionConfigurationPlatforms) = preSolution
		Debug|Any CPU = Debug|Any CPU
		Release|Any CPU = Release|Any CPU
	EndGlobalSection
	GlobalSection(ProjectConfigurationPlatforms) = postSolution
		{C86797C9-E004-4A24-9F80-A58987FCB8C0}.Debug|Any CPU.ActiveCfg = Debug|Any CPU
		{C86797C9-E004-4A24-9F80-A58987FCB8C0}.Debug|Any CPU.Build.0 = Debug|Any CPU
		{C86797C9-E004-4A24-9F80-A58987FCB8C0}.Release|Any CPU.ActiveCfg = Release|Any CPU
		{C86797C9-E004-4A24-9F80-A58987FCB8C0}.Release|Any CPU.Build.0 = Release|Any CPU
	EndGlobalSection
	GlobalSection(SolutionProperties) = preSolution
		HideSolutionNode = FALSE
	EndGlobalSection
	GlobalSection(ExtensibilityGlobals) = postSolution
		SolutionGuid = {13AA74A0-B242-4FC3-B294-6BFC4362A20C}
	EndGlobalSection
EndGlobal
