
Microsoft Visual Studio Solution File, Format Version 12.00
# Visual Studio Version 16
VisualStudioVersion = 16.0.33130.400
MinimumVisualStudioVersion = 10.0.40219.1
Project("{FAE04EC0-301F-11D3-BF4B-00C04F79EFBC}") = "ListaDuplamenteEncadeada", "ListaDuplamenteEncadeada\ListaDuplamenteEncadeada.csproj", "{64FAD830-7F09-42BB-ACA4-ECD435EB1AB9}"
EndProject
Global
	GlobalSection(SolutionConfigurationPlatforms) = preSolution
		Debug|Any CPU = Debug|Any CPU
		Release|Any CPU = Release|Any CPU
	EndGlobalSection
	GlobalSection(ProjectConfigurationPlatforms) = postSolution
		{64FAD830-7F09-42BB-ACA4-ECD435EB1AB9}.Debug|Any CPU.ActiveCfg = Debug|Any CPU
		{64FAD830-7F09-42BB-ACA4-ECD435EB1AB9}.Debug|Any CPU.Build.0 = Debug|Any CPU
		{64FAD830-7F09-42BB-ACA4-ECD435EB1AB9}.Release|Any CPU.ActiveCfg = Release|Any CPU
		{64FAD830-7F09-42BB-ACA4-ECD435EB1AB9}.Release|Any CPU.Build.0 = Release|Any CPU
	EndGlobalSection
	GlobalSection(SolutionProperties) = preSolution
		HideSolutionNode = FALSE
	EndGlobalSection
	GlobalSection(ExtensibilityGlobals) = postSolution
		SolutionGuid = {E17F8400-CF80-4A4D-8B02-B705234602B1}
	EndGlobalSection
EndGlobal
