
Microsoft Visual Studio Solution File, Format Version 12.00
# Visual Studio Version 16
VisualStudioVersion = 16.0.33130.400
MinimumVisualStudioVersion = 10.0.40219.1
Project("{FAE04EC0-301F-11D3-BF4B-00C04F79EFBC}") = "NumerosNaturais", "NumerosNaturais\NumerosNaturais.csproj", "{FA4F55D2-C8A8-4B66-BB78-6D5D1858DB09}"
EndProject
Global
	GlobalSection(SolutionConfigurationPlatforms) = preSolution
		Debug|Any CPU = Debug|Any CPU
		Release|Any CPU = Release|Any CPU
	EndGlobalSection
	GlobalSection(ProjectConfigurationPlatforms) = postSolution
		{FA4F55D2-C8A8-4B66-BB78-6D5D1858DB09}.Debug|Any CPU.ActiveCfg = Debug|Any CPU
		{FA4F55D2-C8A8-4B66-BB78-6D5D1858DB09}.Debug|Any CPU.Build.0 = Debug|Any CPU
		{FA4F55D2-C8A8-4B66-BB78-6D5D1858DB09}.Release|Any CPU.ActiveCfg = Release|Any CPU
		{FA4F55D2-C8A8-4B66-BB78-6D5D1858DB09}.Release|Any CPU.Build.0 = Release|Any CPU
	EndGlobalSection
	GlobalSection(SolutionProperties) = preSolution
		HideSolutionNode = FALSE
	EndGlobalSection
	GlobalSection(ExtensibilityGlobals) = postSolution
		SolutionGuid = {1E73C6A5-10E8-4466-8485-BBEFBB4F42E7}
	EndGlobalSection
EndGlobal
