
Microsoft Visual Studio Solution File, Format Version 12.00
# Visual Studio Version 16
VisualStudioVersion = 16.0.33130.400
MinimumVisualStudioVersion = 10.0.40219.1
Project("{FAE04EC0-301F-11D3-BF4B-00C04F79EFBC}") = "AnaliseDeExpressoesVetorDePilha", "AnaliseDeExpressoesVetorDePilha\AnaliseDeExpressoesVetorDePilha.csproj", "{B5116C2A-0C69-4862-843F-C6D8C31309D8}"
EndProject
Global
	GlobalSection(SolutionConfigurationPlatforms) = preSolution
		Debug|Any CPU = Debug|Any CPU
		Release|Any CPU = Release|Any CPU
	EndGlobalSection
	GlobalSection(ProjectConfigurationPlatforms) = postSolution
		{B5116C2A-0C69-4862-843F-C6D8C31309D8}.Debug|Any CPU.ActiveCfg = Debug|Any CPU
		{B5116C2A-0C69-4862-843F-C6D8C31309D8}.Debug|Any CPU.Build.0 = Debug|Any CPU
		{B5116C2A-0C69-4862-843F-C6D8C31309D8}.Release|Any CPU.ActiveCfg = Release|Any CPU
		{B5116C2A-0C69-4862-843F-C6D8C31309D8}.Release|Any CPU.Build.0 = Release|Any CPU
	EndGlobalSection
	GlobalSection(SolutionProperties) = preSolution
		HideSolutionNode = FALSE
	EndGlobalSection
	GlobalSection(ExtensibilityGlobals) = postSolution
		SolutionGuid = {420E1E42-9327-4CE5-8C39-4D2A5F65D06A}
	EndGlobalSection
EndGlobal
