
Microsoft Visual Studio Solution File, Format Version 12.00
# Visual Studio Version 16
VisualStudioVersion = 16.0.33130.400
MinimumVisualStudioVersion = 10.0.40219.1
Project("{FAE04EC0-301F-11D3-BF4B-00C04F79EFBC}") = "FilaComVetor", "FilaComVetor\FilaComVetor.csproj", "{A715D56F-445A-44D6-B3DA-9D650FF82340}"
EndProject
Global
	GlobalSection(SolutionConfigurationPlatforms) = preSolution
		Debug|Any CPU = Debug|Any CPU
		Release|Any CPU = Release|Any CPU
	EndGlobalSection
	GlobalSection(ProjectConfigurationPlatforms) = postSolution
		{A715D56F-445A-44D6-B3DA-9D650FF82340}.Debug|Any CPU.ActiveCfg = Debug|Any CPU
		{A715D56F-445A-44D6-B3DA-9D650FF82340}.Debug|Any CPU.Build.0 = Debug|Any CPU
		{A715D56F-445A-44D6-B3DA-9D650FF82340}.Release|Any CPU.ActiveCfg = Release|Any CPU
		{A715D56F-445A-44D6-B3DA-9D650FF82340}.Release|Any CPU.Build.0 = Release|Any CPU
	EndGlobalSection
	GlobalSection(SolutionProperties) = preSolution
		HideSolutionNode = FALSE
	EndGlobalSection
	GlobalSection(ExtensibilityGlobals) = postSolution
		SolutionGuid = {61DA4C38-F9D4-4CB4-AE83-47A24FB5AED1}
	EndGlobalSection
EndGlobal
