
Microsoft Visual Studio Solution File, Format Version 12.00
# Visual Studio Version 16
VisualStudioVersion = 16.0.33130.400
MinimumVisualStudioVersion = 10.0.40219.1
Project("{FAE04EC0-301F-11D3-BF4B-00C04F79EFBC}") = "QuickSort", "QuickSort\QuickSort.csproj", "{60F2313E-4914-4B95-9620-00C301F27DD2}"
EndProject
Global
	GlobalSection(SolutionConfigurationPlatforms) = preSolution
		Debug|Any CPU = Debug|Any CPU
		Release|Any CPU = Release|Any CPU
	EndGlobalSection
	GlobalSection(ProjectConfigurationPlatforms) = postSolution
		{60F2313E-4914-4B95-9620-00C301F27DD2}.Debug|Any CPU.ActiveCfg = Debug|Any CPU
		{60F2313E-4914-4B95-9620-00C301F27DD2}.Debug|Any CPU.Build.0 = Debug|Any CPU
		{60F2313E-4914-4B95-9620-00C301F27DD2}.Release|Any CPU.ActiveCfg = Release|Any CPU
		{60F2313E-4914-4B95-9620-00C301F27DD2}.Release|Any CPU.Build.0 = Release|Any CPU
	EndGlobalSection
	GlobalSection(SolutionProperties) = preSolution
		HideSolutionNode = FALSE
	EndGlobalSection
	GlobalSection(ExtensibilityGlobals) = postSolution
		SolutionGuid = {EA289A01-FD0F-4D7F-936E-D74ABA856C42}
	EndGlobalSection
EndGlobal
