
Microsoft Visual Studio Solution File, Format Version 12.00
# Visual Studio Version 16
VisualStudioVersion = 16.0.33130.400
MinimumVisualStudioVersion = 10.0.40219.1
Project("{FAE04EC0-301F-11D3-BF4B-00C04F79EFBC}") = "SelectionSort", "SelectionSort\SelectionSort.csproj", "{F3DE6D95-3621-495C-B0A6-AA8C5D392DF3}"
EndProject
Global
	GlobalSection(SolutionConfigurationPlatforms) = preSolution
		Debug|Any CPU = Debug|Any CPU
		Release|Any CPU = Release|Any CPU
	EndGlobalSection
	GlobalSection(ProjectConfigurationPlatforms) = postSolution
		{F3DE6D95-3621-495C-B0A6-AA8C5D392DF3}.Debug|Any CPU.ActiveCfg = Debug|Any CPU
		{F3DE6D95-3621-495C-B0A6-AA8C5D392DF3}.Debug|Any CPU.Build.0 = Debug|Any CPU
		{F3DE6D95-3621-495C-B0A6-AA8C5D392DF3}.Release|Any CPU.ActiveCfg = Release|Any CPU
		{F3DE6D95-3621-495C-B0A6-AA8C5D392DF3}.Release|Any CPU.Build.0 = Release|Any CPU
	EndGlobalSection
	GlobalSection(SolutionProperties) = preSolution
		HideSolutionNode = FALSE
	EndGlobalSection
	GlobalSection(ExtensibilityGlobals) = postSolution
		SolutionGuid = {2D5F41BF-769E-462C-BDCE-FA2D55094423}
	EndGlobalSection
EndGlobal
