
Microsoft Visual Studio Solution File, Format Version 12.00
# Visual Studio Version 16
VisualStudioVersion = 16.0.33130.400
MinimumVisualStudioVersion = 10.0.40219.1
Project("{FAE04EC0-301F-11D3-BF4B-00C04F79EFBC}") = "3 - Operadores Aritméticos", "3 - Operadores Aritméticos\3 - Operadores Aritméticos.csproj", "{C2B1A4A1-E9D5-4BA1-82D6-651B6E09EE74}"
EndProject
Global
	GlobalSection(SolutionConfigurationPlatforms) = preSolution
		Debug|Any CPU = Debug|Any CPU
		Release|Any CPU = Release|Any CPU
	EndGlobalSection
	GlobalSection(ProjectConfigurationPlatforms) = postSolution
		{C2B1A4A1-E9D5-4BA1-82D6-651B6E09EE74}.Debug|Any CPU.ActiveCfg = Debug|Any CPU
		{C2B1A4A1-E9D5-4BA1-82D6-651B6E09EE74}.Debug|Any CPU.Build.0 = Debug|Any CPU
		{C2B1A4A1-E9D5-4BA1-82D6-651B6E09EE74}.Release|Any CPU.ActiveCfg = Release|Any CPU
		{C2B1A4A1-E9D5-4BA1-82D6-651B6E09EE74}.Release|Any CPU.Build.0 = Release|Any CPU
	EndGlobalSection
	GlobalSection(SolutionProperties) = preSolution
		HideSolutionNode = FALSE
	EndGlobalSection
	GlobalSection(ExtensibilityGlobals) = postSolution
		SolutionGuid = {851B3BF9-2682-4B49-89E7-205F3E5D9D6A}
	EndGlobalSection
EndGlobal
