
Microsoft Visual Studio Solution File, Format Version 12.00
# Visual Studio Version 16
VisualStudioVersion = 16.0.33130.400
MinimumVisualStudioVersion = 10.0.40219.1
Project("{FAE04EC0-301F-11D3-BF4B-00C04F79EFBC}") = "7 - Constante", "7 - Constante\7 - Constante.csproj", "{FD25BED8-6866-4E07-A9F4-1277B4847F47}"
EndProject
Global
	GlobalSection(SolutionConfigurationPlatforms) = preSolution
		Debug|Any CPU = Debug|Any CPU
		Release|Any CPU = Release|Any CPU
	EndGlobalSection
	GlobalSection(ProjectConfigurationPlatforms) = postSolution
		{FD25BED8-6866-4E07-A9F4-1277B4847F47}.Debug|Any CPU.ActiveCfg = Debug|Any CPU
		{FD25BED8-6866-4E07-A9F4-1277B4847F47}.Debug|Any CPU.Build.0 = Debug|Any CPU
		{FD25BED8-6866-4E07-A9F4-1277B4847F47}.Release|Any CPU.ActiveCfg = Release|Any CPU
		{FD25BED8-6866-4E07-A9F4-1277B4847F47}.Release|Any CPU.Build.0 = Release|Any CPU
	EndGlobalSection
	GlobalSection(SolutionProperties) = preSolution
		HideSolutionNode = FALSE
	EndGlobalSection
	GlobalSection(ExtensibilityGlobals) = postSolution
		SolutionGuid = {8E52D112-891E-45DF-ABAC-8B8AA9EDF954}
	EndGlobalSection
EndGlobal
