
Microsoft Visual Studio Solution File, Format Version 12.00
# Visual Studio Version 16
VisualStudioVersion = 16.0.33130.400
MinimumVisualStudioVersion = 10.0.40219.1
Project("{FAE04EC0-301F-11D3-BF4B-00C04F79EFBC}") = "ListaNativaCsharp", "ListaNativaCsharp\ListaNativaCsharp.csproj", "{48D1F352-DB76-4CA6-8716-BC726D58ADFA}"
EndProject
Global
	GlobalSection(SolutionConfigurationPlatforms) = preSolution
		Debug|Any CPU = Debug|Any CPU
		Release|Any CPU = Release|Any CPU
	EndGlobalSection
	GlobalSection(ProjectConfigurationPlatforms) = postSolution
		{48D1F352-DB76-4CA6-8716-BC726D58ADFA}.Debug|Any CPU.ActiveCfg = Debug|Any CPU
		{48D1F352-DB76-4CA6-8716-BC726D58ADFA}.Debug|Any CPU.Build.0 = Debug|Any CPU
		{48D1F352-DB76-4CA6-8716-BC726D58ADFA}.Release|Any CPU.ActiveCfg = Release|Any CPU
		{48D1F352-DB76-4CA6-8716-BC726D58ADFA}.Release|Any CPU.Build.0 = Release|Any CPU
	EndGlobalSection
	GlobalSection(SolutionProperties) = preSolution
		HideSolutionNode = FALSE
	EndGlobalSection
	GlobalSection(ExtensibilityGlobals) = postSolution
		SolutionGuid = {AC22DB82-8F4B-4365-9E15-47E18B764B77}
	EndGlobalSection
EndGlobal
