
Microsoft Visual Studio Solution File, Format Version 12.00
# Visual Studio Version 16
VisualStudioVersion = 16.0.33130.400
MinimumVisualStudioVersion = 10.0.40219.1
Project("{FAE04EC0-301F-11D3-BF4B-00C04F79EFBC}") = "SomatorioDeN", "SomatorioDeN\SomatorioDeN.csproj", "{48058BDB-DFB3-4095-B6D4-1A518D753725}"
EndProject
Global
	GlobalSection(SolutionConfigurationPlatforms) = preSolution
		Debug|Any CPU = Debug|Any CPU
		Release|Any CPU = Release|Any CPU
	EndGlobalSection
	GlobalSection(ProjectConfigurationPlatforms) = postSolution
		{48058BDB-DFB3-4095-B6D4-1A518D753725}.Debug|Any CPU.ActiveCfg = Debug|Any CPU
		{48058BDB-DFB3-4095-B6D4-1A518D753725}.Debug|Any CPU.Build.0 = Debug|Any CPU
		{48058BDB-DFB3-4095-B6D4-1A518D753725}.Release|Any CPU.ActiveCfg = Release|Any CPU
		{48058BDB-DFB3-4095-B6D4-1A518D753725}.Release|Any CPU.Build.0 = Release|Any CPU
	EndGlobalSection
	GlobalSection(SolutionProperties) = preSolution
		HideSolutionNode = FALSE
	EndGlobalSection
	GlobalSection(ExtensibilityGlobals) = postSolution
		SolutionGuid = {5B4BD495-92D1-4ADE-805F-79C64261514B}
	EndGlobalSection
EndGlobal
