
Microsoft Visual Studio Solution File, Format Version 12.00
# Visual Studio Version 16
VisualStudioVersion = 16.0.33130.400
MinimumVisualStudioVersion = 10.0.40219.1
Project("{FAE04EC0-301F-11D3-BF4B-00C04F79EFBC}") = "FilaAutoReferenciada", "FilaAutoReferenciada\FilaAutoReferenciada.csproj", "{2A76CE4A-ADE0-4021-8C6E-642C757B1451}"
EndProject
Global
	GlobalSection(SolutionConfigurationPlatforms) = preSolution
		Debug|Any CPU = Debug|Any CPU
		Release|Any CPU = Release|Any CPU
	EndGlobalSection
	GlobalSection(ProjectConfigurationPlatforms) = postSolution
		{2A76CE4A-ADE0-4021-8C6E-642C757B1451}.Debug|Any CPU.ActiveCfg = Debug|Any CPU
		{2A76CE4A-ADE0-4021-8C6E-642C757B1451}.Debug|Any CPU.Build.0 = Debug|Any CPU
		{2A76CE4A-ADE0-4021-8C6E-642C757B1451}.Release|Any CPU.ActiveCfg = Release|Any CPU
		{2A76CE4A-ADE0-4021-8C6E-642C757B1451}.Release|Any CPU.Build.0 = Release|Any CPU
	EndGlobalSection
	GlobalSection(SolutionProperties) = preSolution
		HideSolutionNode = FALSE
	EndGlobalSection
	GlobalSection(ExtensibilityGlobals) = postSolution
		SolutionGuid = {FC2197AB-E8FE-42F7-B616-FA9E83681095}
	EndGlobalSection
EndGlobal
