
Microsoft Visual Studio Solution File, Format Version 12.00
# Visual Studio Version 16
VisualStudioVersion = 16.0.33130.400
MinimumVisualStudioVersion = 10.0.40219.1
Project("{FAE04EC0-301F-11D3-BF4B-00C04F79EFBC}") = "Lista3_ATVD1", "Lista3_ATVD1\Lista3_ATVD1.csproj", "{866E7C82-069B-4DB1-9EB0-0D574B900ABC}"
EndProject
Global
	GlobalSection(SolutionConfigurationPlatforms) = preSolution
		Debug|Any CPU = Debug|Any CPU
		Release|Any CPU = Release|Any CPU
	EndGlobalSection
	GlobalSection(ProjectConfigurationPlatforms) = postSolution
		{866E7C82-069B-4DB1-9EB0-0D574B900ABC}.Debug|Any CPU.ActiveCfg = Debug|Any CPU
		{866E7C82-069B-4DB1-9EB0-0D574B900ABC}.Debug|Any CPU.Build.0 = Debug|Any CPU
		{866E7C82-069B-4DB1-9EB0-0D574B900ABC}.Release|Any CPU.ActiveCfg = Release|Any CPU
		{866E7C82-069B-4DB1-9EB0-0D574B900ABC}.Release|Any CPU.Build.0 = Release|Any CPU
	EndGlobalSection
	GlobalSection(SolutionProperties) = preSolution
		HideSolutionNode = FALSE
	EndGlobalSection
	GlobalSection(ExtensibilityGlobals) = postSolution
		SolutionGuid = {4C316A42-C075-47C4-84CE-1BF9AEBE00DC}
	EndGlobalSection
EndGlobal
