
Microsoft Visual Studio Solution File, Format Version 12.00
# Visual Studio Version 16
VisualStudioVersion = 16.0.33130.400
MinimumVisualStudioVersion = 10.0.40219.1
Project("{FAE04EC0-301F-11D3-BF4B-00C04F79EFBC}") = "Lista4_ATVD4", "Lista4_ATVD4\Lista4_ATVD4.csproj", "{0A12D297-4352-4D46-83CB-75DD8FC1D041}"
EndProject
Global
	GlobalSection(SolutionConfigurationPlatforms) = preSolution
		Debug|Any CPU = Debug|Any CPU
		Release|Any CPU = Release|Any CPU
	EndGlobalSection
	GlobalSection(ProjectConfigurationPlatforms) = postSolution
		{0A12D297-4352-4D46-83CB-75DD8FC1D041}.Debug|Any CPU.ActiveCfg = Debug|Any CPU
		{0A12D297-4352-4D46-83CB-75DD8FC1D041}.Debug|Any CPU.Build.0 = Debug|Any CPU
		{0A12D297-4352-4D46-83CB-75DD8FC1D041}.Release|Any CPU.ActiveCfg = Release|Any CPU
		{0A12D297-4352-4D46-83CB-75DD8FC1D041}.Release|Any CPU.Build.0 = Release|Any CPU
	EndGlobalSection
	GlobalSection(SolutionProperties) = preSolution
		HideSolutionNode = FALSE
	EndGlobalSection
	GlobalSection(ExtensibilityGlobals) = postSolution
		SolutionGuid = {BFC6F7C6-AEFF-4E49-AC5F-BD49846F2BAA}
	EndGlobalSection
EndGlobal
