
Microsoft Visual Studio Solution File, Format Version 12.00
# Visual Studio Version 16
VisualStudioVersion = 16.0.33130.400
MinimumVisualStudioVersion = 10.0.40219.1
Project("{FAE04EC0-301F-11D3-BF4B-00C04F79EFBC}") = "PesquisaSequencial", "PesquisaSequencial\PesquisaSequencial.csproj", "{DCEF3EB3-FD6A-45B8-A694-D89CEA95D664}"
EndProject
Global
	GlobalSection(SolutionConfigurationPlatforms) = preSolution
		Debug|Any CPU = Debug|Any CPU
		Release|Any CPU = Release|Any CPU
	EndGlobalSection
	GlobalSection(ProjectConfigurationPlatforms) = postSolution
		{DCEF3EB3-FD6A-45B8-A694-D89CEA95D664}.Debug|Any CPU.ActiveCfg = Debug|Any CPU
		{DCEF3EB3-FD6A-45B8-A694-D89CEA95D664}.Debug|Any CPU.Build.0 = Debug|Any CPU
		{DCEF3EB3-FD6A-45B8-A694-D89CEA95D664}.Release|Any CPU.ActiveCfg = Release|Any CPU
		{DCEF3EB3-FD6A-45B8-A694-D89CEA95D664}.Release|Any CPU.Build.0 = Release|Any CPU
	EndGlobalSection
	GlobalSection(SolutionProperties) = preSolution
		HideSolutionNode = FALSE
	EndGlobalSection
	GlobalSection(ExtensibilityGlobals) = postSolution
		SolutionGuid = {A07C2186-6C30-4682-B8D5-1CD08ABE02A6}
	EndGlobalSection
EndGlobal
