
Microsoft Visual Studio Solution File, Format Version 12.00
# Visual Studio Version 16
VisualStudioVersion = 16.0.33130.400
MinimumVisualStudioVersion = 10.0.40219.1
Project("{FAE04EC0-301F-11D3-BF4B-00C04F79EFBC}") = "0 - Declaração de Variáveis", "0 - Declaração de Variáveis\0 - Declaração de Variáveis.csproj", "{E5BE13E0-D7AC-4363-AD88-422127318464}"
EndProject
Global
	GlobalSection(SolutionConfigurationPlatforms) = preSolution
		Debug|Any CPU = Debug|Any CPU
		Release|Any CPU = Release|Any CPU
	EndGlobalSection
	GlobalSection(ProjectConfigurationPlatforms) = postSolution
		{E5BE13E0-D7AC-4363-AD88-422127318464}.Debug|Any CPU.ActiveCfg = Debug|Any CPU
		{E5BE13E0-D7AC-4363-AD88-422127318464}.Debug|Any CPU.Build.0 = Debug|Any CPU
		{E5BE13E0-D7AC-4363-AD88-422127318464}.Release|Any CPU.ActiveCfg = Release|Any CPU
		{E5BE13E0-D7AC-4363-AD88-422127318464}.Release|Any CPU.Build.0 = Release|Any CPU
	EndGlobalSection
	GlobalSection(SolutionProperties) = preSolution
		HideSolutionNode = FALSE
	EndGlobalSection
	GlobalSection(ExtensibilityGlobals) = postSolution
		SolutionGuid = {EE9B15F8-E3A9-4719-B3BF-7C1A339DA13E}
	EndGlobalSection
EndGlobal
